PODS:
  - DGActivityIndicatorView (2.1.1)
  - MGSwipeTableCell (1.5.6)
  - SDWebImage (3.8.2):
    - SDWebImage/Core (= 3.8.2)
  - SDWebImage/Core (3.8.2)

DEPENDENCIES:
  - DGActivityIndicatorView
  - MGSwipeTableCell
  - SDWebImage (~> 3.8)

SPEC CHECKSUMS:
  DGActivityIndicatorView: ff2c76073d79692f724863c8dd38685866a03cb6
  MGSwipeTableCell: 616700eb0ffd1c611ba909066cb7fd739790a0a7
  SDWebImage: 098e97e6176540799c27e804c96653ee0833d13c

PODFILE CHECKSUM: d550ae2a61b44c092428d23d5a5de03872ea4cee

COCOAPODS: 1.1.1
